
Microsoft Visual Studio Solution File, Format Version 12.00
# Visual Studio 15
VisualStudioVersion = 15.0.28307.438
MinimumVisualStudioVersion = 10.0.40219.1
Project("{FAE04EC0-301F-11D3-BF4B-00C04F79EFBC}") = "Final Fantasy Tryout", "Final Fantasy Tryout\Final Fantasy Tryout.csproj", "{8742B467-50A9-4D5F-91E3-DF469238A9AD}"
EndProject
Global
	GlobalSection(SolutionConfigurationPlatforms) = preSolution
		Debug|Any CPU = Debug|Any CPU
		Release|Any CPU = Release|Any CPU
	EndGlobalSection
	GlobalSection(ProjectConfigurationPlatforms) = postSolution
		{8742B467-50A9-4D5F-91E3-DF469238A9AD}.Debug|Any CPU.ActiveCfg = Debug|Any CPU
		{8742B467-50A9-4D5F-91E3-DF469238A9AD}.Debug|Any CPU.Build.0 = Debug|Any CPU
		{8742B467-50A9-4D5F-91E3-DF469238A9AD}.Release|Any CPU.ActiveCfg = Release|Any CPU
		{8742B467-50A9-4D5F-91E3-DF469238A9AD}.Release|Any CPU.Build.0 = Release|Any CPU
	EndGlobalSection
	GlobalSection(SolutionProperties) = preSolution
		HideSolutionNode = FALSE
	EndGlobalSection
	GlobalSection(ExtensibilityGlobals) = postSolution
		SolutionGuid = {3A93CB00-9F55-4EC6-8359-6C16478A2247}
	EndGlobalSection
EndGlobal
